
Microsoft Visual Studio Solution File, Format Version 12.00
# Visual Studio Version 17
VisualStudioVersion = 17.5.002.0
MinimumVisualStudioVersion = 10.0.40219.1
Project("{9A19103F-16F7-4668-BE54-9A1E7A4F7556}") = "day 1", "day 1.csproj", "{A98FFD3D-9D68-4EF8-A1A6-1B9EFAC5FEBE}"
EndProject
Global
	GlobalSection(SolutionConfigurationPlatforms) = preSolution
		Debug|Any CPU = Debug|Any CPU
		Release|Any CPU = Release|Any CPU
	EndGlobalSection
	GlobalSection(ProjectConfigurationPlatforms) = postSolution
		{A98FFD3D-9D68-4EF8-A1A6-1B9EFAC5FEBE}.Debug|Any CPU.ActiveCfg = Debug|Any CPU
		{A98FFD3D-9D68-4EF8-A1A6-1B9EFAC5FEBE}.Debug|Any CPU.Build.0 = Debug|Any CPU
		{A98FFD3D-9D68-4EF8-A1A6-1B9EFAC5FEBE}.Release|Any CPU.ActiveCfg = Release|Any CPU
		{A98FFD3D-9D68-4EF8-A1A6-1B9EFAC5FEBE}.Release|Any CPU.Build.0 = Release|Any CPU
	EndGlobalSection
	GlobalSection(SolutionProperties) = preSolution
		HideSolutionNode = FALSE
	EndGlobalSection
	GlobalSection(ExtensibilityGlobals) = postSolution
		SolutionGuid = {8A1226A5-A971-473F-B6C9-0D53757F78A0}
	EndGlobalSection
EndGlobal
